
Microsoft Visual Studio Solution File, Format Version 12.00
# Visual Studio 15
VisualStudioVersion = 15.0.28010.2036
MinimumVisualStudioVersion = 10.0.40219.1
Project("{FAE04EC0-301F-11D3-BF4B-00C04F79EFBC}") = "GS.Shared", "GS.Shared\GS.Shared.csproj", "{63E824C8-585D-45FC-88E4-7E119F0C7773}"
EndProject
Project("{FAE04EC0-301F-11D3-BF4B-00C04F79EFBC}") = "GS.SkyWatcher", "GS.SkyWatcher\GS.SkyWatcher.csproj", "{194A85E4-994C-432B-A25D-48DA75553349}"
EndProject
Project("{FAE04EC0-301F-11D3-BF4B-00C04F79EFBC}") = "GS.Server", "GS.Server\GS.Server.csproj", "{6806353A-9C8C-49AA-BEAA-27094AC5BDDA}"
EndProject
Project("{FAE04EC0-301F-11D3-BF4B-00C04F79EFBC}") = "ASCOM.GS.Sky.Telescope", "GS.Ascom.SkyTelescope\ASCOM.GS.Sky.Telescope.csproj", "{20CD9164-D5BF-4DA5-A248-EC6B81830610}"
EndProject
Project("{FAE04EC0-301F-11D3-BF4B-00C04F79EFBC}") = "GS.SkyApi", "GS.SkyApi\GS.SkyApi.csproj", "{3FF43445-E8E2-43FB-AC67-1733748AFFDD}"
EndProject
Project("{FAE04EC0-301F-11D3-BF4B-00C04F79EFBC}") = "GS.LogView", "GS.LogView\GS.LogView.csproj", "{D4660C10-2AA7-49D3-AF73-F180C4BADD71}"
EndProject
Project("{FAE04EC0-301F-11D3-BF4B-00C04F79EFBC}") = "GS.Principles", "GS.Principle\GS.Principles.csproj", "{C2BC2641-3B32-4940-B124-61ADEC0DAC28}"
EndProject
Project("{FAE04EC0-301F-11D3-BF4B-00C04F79EFBC}") = "GS.Simulator", "GS.Simulator\GS.Simulator.csproj", "{E463EC96-56DA-447B-8719-F68C33771185}"
EndProject
Project("{FAE04EC0-301F-11D3-BF4B-00C04F79EFBC}") = "ColorPicker", "ColorPicker\ColorPicker.csproj", "{6813ECB1-B6B3-49F4-9070-9E4DFEF34FAE}"
EndProject
Project("{FAE04EC0-301F-11D3-BF4B-00C04F79EFBC}") = "GS.SerialTester", "GS.SerialTester\GS.SerialTester.csproj", "{34638981-3D0B-422A-A36D-6E6A79A0BB45}"
EndProject
Global
	GlobalSection(SolutionConfigurationPlatforms) = preSolution
		AppVeyor|Any CPU = AppVeyor|Any CPU
		AppVeyor|x86 = AppVeyor|x86
		Debug|Any CPU = Debug|Any CPU
		Debug|x86 = Debug|x86
		Release|Any CPU = Release|Any CPU
		Release|x86 = Release|x86
	EndGlobalSection
	GlobalSection(ProjectConfigurationPlatforms) = postSolution
		{63E824C8-585D-45FC-88E4-7E119F0C7773}.AppVeyor|Any CPU.ActiveCfg = Release|Any CPU
		{63E824C8-585D-45FC-88E4-7E119F0C7773}.AppVeyor|Any CPU.Build.0 = Release|Any CPU
		{63E824C8-585D-45FC-88E4-7E119F0C7773}.AppVeyor|x86.ActiveCfg = Release|Any CPU
		{63E824C8-585D-45FC-88E4-7E119F0C7773}.AppVeyor|x86.Build.0 = Release|Any CPU
		{63E824C8-585D-45FC-88E4-7E119F0C7773}.Debug|Any CPU.ActiveCfg = Debug|Any CPU
		{63E824C8-585D-45FC-88E4-7E119F0C7773}.Debug|Any CPU.Build.0 = Debug|Any CPU
		{63E824C8-585D-45FC-88E4-7E119F0C7773}.Debug|x86.ActiveCfg = Debug|Any CPU
		{63E824C8-585D-45FC-88E4-7E119F0C7773}.Debug|x86.Build.0 = Debug|Any CPU
		{63E824C8-585D-45FC-88E4-7E119F0C7773}.Release|Any CPU.ActiveCfg = Release|Any CPU
		{63E824C8-585D-45FC-88E4-7E119F0C7773}.Release|Any CPU.Build.0 = Release|Any CPU
		{63E824C8-585D-45FC-88E4-7E119F0C7773}.Release|x86.ActiveCfg = Release|Any CPU
		{63E824C8-585D-45FC-88E4-7E119F0C7773}.Release|x86.Build.0 = Release|Any CPU
		{194A85E4-994C-432B-A25D-48DA75553349}.AppVeyor|Any CPU.ActiveCfg = Release|Any CPU
		{194A85E4-994C-432B-A25D-48DA75553349}.AppVeyor|Any CPU.Build.0 = Release|Any CPU
		{194A85E4-994C-432B-A25D-48DA75553349}.AppVeyor|x86.ActiveCfg = Release|x86
		{194A85E4-994C-432B-A25D-48DA75553349}.AppVeyor|x86.Build.0 = Release|x86
		{194A85E4-994C-432B-A25D-48DA75553349}.Debug|Any CPU.ActiveCfg = Debug|Any CPU
		{194A85E4-994C-432B-A25D-48DA75553349}.Debug|Any CPU.Build.0 = Debug|Any CPU
		{194A85E4-994C-432B-A25D-48DA75553349}.Debug|x86.ActiveCfg = Debug|x86
		{194A85E4-994C-432B-A25D-48DA75553349}.Debug|x86.Build.0 = Debug|x86
		{194A85E4-994C-432B-A25D-48DA75553349}.Release|Any CPU.ActiveCfg = Release|Any CPU
		{194A85E4-994C-432B-A25D-48DA75553349}.Release|Any CPU.Build.0 = Release|Any CPU
		{194A85E4-994C-432B-A25D-48DA75553349}.Release|x86.ActiveCfg = Release|x86
		{194A85E4-994C-432B-A25D-48DA75553349}.Release|x86.Build.0 = Release|x86
		{6806353A-9C8C-49AA-BEAA-27094AC5BDDA}.AppVeyor|Any CPU.ActiveCfg = Release|Any CPU
		{6806353A-9C8C-49AA-BEAA-27094AC5BDDA}.AppVeyor|Any CPU.Build.0 = Release|Any CPU
		{6806353A-9C8C-49AA-BEAA-27094AC5BDDA}.AppVeyor|x86.ActiveCfg = Release|Any CPU
		{6806353A-9C8C-49AA-BEAA-27094AC5BDDA}.AppVeyor|x86.Build.0 = Release|Any CPU
		{6806353A-9C8C-49AA-BEAA-27094AC5BDDA}.Debug|Any CPU.ActiveCfg = Debug|Any CPU
		{6806353A-9C8C-49AA-BEAA-27094AC5BDDA}.Debug|Any CPU.Build.0 = Debug|Any CPU
		{6806353A-9C8C-49AA-BEAA-27094AC5BDDA}.Debug|x86.ActiveCfg = Debug|Any CPU
		{6806353A-9C8C-49AA-BEAA-27094AC5BDDA}.Debug|x86.Build.0 = Debug|Any CPU
		{6806353A-9C8C-49AA-BEAA-27094AC5BDDA}.Release|Any CPU.ActiveCfg = Release|Any CPU
		{6806353A-9C8C-49AA-BEAA-27094AC5BDDA}.Release|Any CPU.Build.0 = Release|Any CPU
		{6806353A-9C8C-49AA-BEAA-27094AC5BDDA}.Release|x86.ActiveCfg = Release|Any CPU
		{6806353A-9C8C-49AA-BEAA-27094AC5BDDA}.Release|x86.Build.0 = Release|Any CPU
		{20CD9164-D5BF-4DA5-A248-EC6B81830610}.AppVeyor|Any CPU.ActiveCfg = Release|Any CPU
		{20CD9164-D5BF-4DA5-A248-EC6B81830610}.AppVeyor|Any CPU.Build.0 = Release|Any CPU
		{20CD9164-D5BF-4DA5-A248-EC6B81830610}.AppVeyor|x86.ActiveCfg = Release|x86
		{20CD9164-D5BF-4DA5-A248-EC6B81830610}.AppVeyor|x86.Build.0 = Release|x86
		{20CD9164-D5BF-4DA5-A248-EC6B81830610}.Debug|Any CPU.ActiveCfg = Debug|Any CPU
		{20CD9164-D5BF-4DA5-A248-EC6B81830610}.Debug|Any CPU.Build.0 = Debug|Any CPU
		{20CD9164-D5BF-4DA5-A248-EC6B81830610}.Debug|x86.ActiveCfg = Debug|x86
		{20CD9164-D5BF-4DA5-A248-EC6B81830610}.Debug|x86.Build.0 = Debug|x86
		{20CD9164-D5BF-4DA5-A248-EC6B81830610}.Release|Any CPU.ActiveCfg = Release|Any CPU
		{20CD9164-D5BF-4DA5-A248-EC6B81830610}.Release|Any CPU.Build.0 = Release|Any CPU
		{20CD9164-D5BF-4DA5-A248-EC6B81830610}.Release|x86.ActiveCfg = Release|x86
		{20CD9164-D5BF-4DA5-A248-EC6B81830610}.Release|x86.Build.0 = Release|x86
		{3FF43445-E8E2-43FB-AC67-1733748AFFDD}.AppVeyor|Any CPU.ActiveCfg = Release|Any CPU
		{3FF43445-E8E2-43FB-AC67-1733748AFFDD}.AppVeyor|Any CPU.Build.0 = Release|Any CPU
		{3FF43445-E8E2-43FB-AC67-1733748AFFDD}.AppVeyor|x86.ActiveCfg = Release|Any CPU
		{3FF43445-E8E2-43FB-AC67-1733748AFFDD}.AppVeyor|x86.Build.0 = Release|Any CPU
		{3FF43445-E8E2-43FB-AC67-1733748AFFDD}.Debug|Any CPU.ActiveCfg = Debug|Any CPU
		{3FF43445-E8E2-43FB-AC67-1733748AFFDD}.Debug|Any CPU.Build.0 = Debug|Any CPU
		{3FF43445-E8E2-43FB-AC67-1733748AFFDD}.Debug|x86.ActiveCfg = Debug|Any CPU
		{3FF43445-E8E2-43FB-AC67-1733748AFFDD}.Debug|x86.Build.0 = Debug|Any CPU
		{3FF43445-E8E2-43FB-AC67-1733748AFFDD}.Release|Any CPU.ActiveCfg = Release|Any CPU
		{3FF43445-E8E2-43FB-AC67-1733748AFFDD}.Release|Any CPU.Build.0 = Release|Any CPU
		{3FF43445-E8E2-43FB-AC67-1733748AFFDD}.Release|x86.ActiveCfg = Release|Any CPU
		{3FF43445-E8E2-43FB-AC67-1733748AFFDD}.Release|x86.Build.0 = Release|Any CPU
		{D4660C10-2AA7-49D3-AF73-F180C4BADD71}.AppVeyor|Any CPU.ActiveCfg = Release|Any CPU
		{D4660C10-2AA7-49D3-AF73-F180C4BADD71}.AppVeyor|Any CPU.Build.0 = Release|Any CPU
		{D4660C10-2AA7-49D3-AF73-F180C4BADD71}.AppVeyor|x86.ActiveCfg = Release|Any CPU
		{D4660C10-2AA7-49D3-AF73-F180C4BADD71}.AppVeyor|x86.Build.0 = Release|Any CPU
		{D4660C10-2AA7-49D3-AF73-F180C4BADD71}.Debug|Any CPU.ActiveCfg = Debug|Any CPU
		{D4660C10-2AA7-49D3-AF73-F180C4BADD71}.Debug|Any CPU.Build.0 = Debug|Any CPU
		{D4660C10-2AA7-49D3-AF73-F180C4BADD71}.Debug|x86.ActiveCfg = Debug|Any CPU
		{D4660C10-2AA7-49D3-AF73-F180C4BADD71}.Debug|x86.Build.0 = Debug|Any CPU
		{D4660C10-2AA7-49D3-AF73-F180C4BADD71}.Release|Any CPU.ActiveCfg = Release|Any CPU
		{D4660C10-2AA7-49D3-AF73-F180C4BADD71}.Release|Any CPU.Build.0 = Release|Any CPU
		{D4660C10-2AA7-49D3-AF73-F180C4BADD71}.Release|x86.ActiveCfg = Release|Any CPU
		{D4660C10-2AA7-49D3-AF73-F180C4BADD71}.Release|x86.Build.0 = Release|Any CPU
		{C2BC2641-3B32-4940-B124-61ADEC0DAC28}.AppVeyor|Any CPU.ActiveCfg = Release|Any CPU
		{C2BC2641-3B32-4940-B124-61ADEC0DAC28}.AppVeyor|Any CPU.Build.0 = Release|Any CPU
		{C2BC2641-3B32-4940-B124-61ADEC0DAC28}.AppVeyor|x86.ActiveCfg = Release|Any CPU
		{C2BC2641-3B32-4940-B124-61ADEC0DAC28}.AppVeyor|x86.Build.0 = Release|Any CPU
		{C2BC2641-3B32-4940-B124-61ADEC0DAC28}.Debug|Any CPU.ActiveCfg = Debug|Any CPU
		{C2BC2641-3B32-4940-B124-61ADEC0DAC28}.Debug|Any CPU.Build.0 = Debug|Any CPU
		{C2BC2641-3B32-4940-B124-61ADEC0DAC28}.Debug|x86.ActiveCfg = Debug|Any CPU
		{C2BC2641-3B32-4940-B124-61ADEC0DAC28}.Debug|x86.Build.0 = Debug|Any CPU
		{C2BC2641-3B32-4940-B124-61ADEC0DAC28}.Release|Any CPU.ActiveCfg = Release|Any CPU
		{C2BC2641-3B32-4940-B124-61ADEC0DAC28}.Release|Any CPU.Build.0 = Release|Any CPU
		{C2BC2641-3B32-4940-B124-61ADEC0DAC28}.Release|x86.ActiveCfg = Release|Any CPU
		{C2BC2641-3B32-4940-B124-61ADEC0DAC28}.Release|x86.Build.0 = Release|Any CPU
		{E463EC96-56DA-447B-8719-F68C33771185}.AppVeyor|Any CPU.ActiveCfg = Release|Any CPU
		{E463EC96-56DA-447B-8719-F68C33771185}.AppVeyor|Any CPU.Build.0 = Release|Any CPU
		{E463EC96-56DA-447B-8719-F68C33771185}.AppVeyor|x86.ActiveCfg = Release|Any CPU
		{E463EC96-56DA-447B-8719-F68C33771185}.AppVeyor|x86.Build.0 = Release|Any CPU
		{E463EC96-56DA-447B-8719-F68C33771185}.Debug|Any CPU.ActiveCfg = Debug|Any CPU
		{E463EC96-56DA-447B-8719-F68C33771185}.Debug|Any CPU.Build.0 = Debug|Any CPU
		{E463EC96-56DA-447B-8719-F68C33771185}.Debug|x86.ActiveCfg = Debug|Any CPU
		{E463EC96-56DA-447B-8719-F68C33771185}.Debug|x86.Build.0 = Debug|Any CPU
		{E463EC96-56DA-447B-8719-F68C33771185}.Release|Any CPU.ActiveCfg = Release|Any CPU
		{E463EC96-56DA-447B-8719-F68C33771185}.Release|Any CPU.Build.0 = Release|Any CPU
		{E463EC96-56DA-447B-8719-F68C33771185}.Release|x86.ActiveCfg = Release|Any CPU
		{E463EC96-56DA-447B-8719-F68C33771185}.Release|x86.Build.0 = Release|Any CPU
		{6813ECB1-B6B3-49F4-9070-9E4DFEF34FAE}.AppVeyor|Any CPU.ActiveCfg = Release|Any CPU
		{6813ECB1-B6B3-49F4-9070-9E4DFEF34FAE}.AppVeyor|Any CPU.Build.0 = Release|Any CPU
		{6813ECB1-B6B3-49F4-9070-9E4DFEF34FAE}.AppVeyor|x86.ActiveCfg = Release|Any CPU
		{6813ECB1-B6B3-49F4-9070-9E4DFEF34FAE}.AppVeyor|x86.Build.0 = Release|Any CPU
		{6813ECB1-B6B3-49F4-9070-9E4DFEF34FAE}.Debug|Any CPU.ActiveCfg = Debug|Any CPU
		{6813ECB1-B6B3-49F4-9070-9E4DFEF34FAE}.Debug|Any CPU.Build.0 = Debug|Any CPU
		{6813ECB1-B6B3-49F4-9070-9E4DFEF34FAE}.Debug|x86.ActiveCfg = Debug|Any CPU
		{6813ECB1-B6B3-49F4-9070-9E4DFEF34FAE}.Debug|x86.Build.0 = Debug|Any CPU
		{6813ECB1-B6B3-49F4-9070-9E4DFEF34FAE}.Release|Any CPU.ActiveCfg = Release|Any CPU
		{6813ECB1-B6B3-49F4-9070-9E4DFEF34FAE}.Release|Any CPU.Build.0 = Release|Any CPU
		{6813ECB1-B6B3-49F4-9070-9E4DFEF34FAE}.Release|x86.ActiveCfg = Release|Any CPU
		{6813ECB1-B6B3-49F4-9070-9E4DFEF34FAE}.Release|x86.Build.0 = Release|Any CPU
		{34638981-3D0B-422A-A36D-6E6A79A0BB45}.AppVeyor|Any CPU.ActiveCfg = Release|Any CPU
		{34638981-3D0B-422A-A36D-6E6A79A0BB45}.AppVeyor|Any CPU.Build.0 = Release|Any CPU
		{34638981-3D0B-422A-A36D-6E6A79A0BB45}.AppVeyor|x86.ActiveCfg = Release|Any CPU
		{34638981-3D0B-422A-A36D-6E6A79A0BB45}.AppVeyor|x86.Build.0 = Release|Any CPU
		{34638981-3D0B-422A-A36D-6E6A79A0BB45}.Debug|Any CPU.ActiveCfg = Debug|Any CPU
		{34638981-3D0B-422A-A36D-6E6A79A0BB45}.Debug|Any CPU.Build.0 = Debug|Any CPU
		{34638981-3D0B-422A-A36D-6E6A79A0BB45}.Debug|x86.ActiveCfg = Debug|Any CPU
		{34638981-3D0B-422A-A36D-6E6A79A0BB45}.Debug|x86.Build.0 = Debug|Any CPU
		{34638981-3D0B-422A-A36D-6E6A79A0BB45}.Release|Any CPU.ActiveCfg = Release|Any CPU
		{34638981-3D0B-422A-A36D-6E6A79A0BB45}.Release|Any CPU.Build.0 = Release|Any CPU
		{34638981-3D0B-422A-A36D-6E6A79A0BB45}.Release|x86.ActiveCfg = Release|Any CPU
		{34638981-3D0B-422A-A36D-6E6A79A0BB45}.Release|x86.Build.0 = Release|Any CPU
	EndGlobalSection
	GlobalSection(SolutionProperties) = preSolution
		HideSolutionNode = FALSE
	EndGlobalSection
	GlobalSection(ExtensibilityGlobals) = postSolution
		SolutionGuid = {4F7A6818-AF3E-4984-BA2D-5B5581C3C1B0}
	EndGlobalSection
EndGlobal
