
Microsoft Visual Studio Solution File, Format Version 12.00
# Visual Studio Version 16
VisualStudioVersion = 16.0.29709.97
MinimumVisualStudioVersion = 10.0.40219.1
Project("{9A19103F-16F7-4668-BE54-9A1E7A4F7556}") = "GS.Shared", "GS.Shared\GS.Shared.csproj", "{63E824C8-585D-45FC-88E4-7E119F0C7773}"
EndProject
Project("{9A19103F-16F7-4668-BE54-9A1E7A4F7556}") = "GS.SkyWatcher", "GS.SkyWatcher\GS.SkyWatcher.csproj", "{194A85E4-994C-432B-A25D-48DA75553349}"
EndProject
Project("{9A19103F-16F7-4668-BE54-9A1E7A4F7556}") = "GS.Server", "GS.Server\GS.Server.csproj", "{6806353A-9C8C-49AA-BEAA-27094AC5BDDA}"
EndProject
Project("{9A19103F-16F7-4668-BE54-9A1E7A4F7556}") = "ASCOM.GS.Sky.Telescope", "GS.Ascom.SkyTelescope\ASCOM.GS.Sky.Telescope.csproj", "{20CD9164-D5BF-4DA5-A248-EC6B81830610}"
EndProject
Project("{9A19103F-16F7-4668-BE54-9A1E7A4F7556}") = "GS.SkyApi", "GS.SkyApi\GS.SkyApi.csproj", "{3FF43445-E8E2-43FB-AC67-1733748AFFDD}"
EndProject
Project("{9A19103F-16F7-4668-BE54-9A1E7A4F7556}") = "GS.Principles", "GS.Principle\GS.Principles.csproj", "{C2BC2641-3B32-4940-B124-61ADEC0DAC28}"
EndProject
Project("{9A19103F-16F7-4668-BE54-9A1E7A4F7556}") = "GS.Simulator", "GS.Simulator\GS.Simulator.csproj", "{E463EC96-56DA-447B-8719-F68C33771185}"
EndProject
Project("{9A19103F-16F7-4668-BE54-9A1E7A4F7556}") = "ColorPicker", "ColorPicker\ColorPicker.csproj", "{6813ECB1-B6B3-49F4-9070-9E4DFEF34FAE}"
EndProject
Project("{9A19103F-16F7-4668-BE54-9A1E7A4F7556}") = "GS.ChartViewer", "GS.ChartViewer\GS.ChartViewer.csproj", "{EAF5DB3A-99A5-451C-B626-7B3BF7423F7D}"
EndProject
Project("{9A19103F-16F7-4668-BE54-9A1E7A4F7556}") = "GS.Utilities", "GS.Utilities\GS.Utilities.csproj", "{A0CF4007-724A-45EB-9609-C5FA97A3043E}"
EndProject
Project("{2150E333-8FDC-42A3-9474-1A3956D46DE8}") = "Solution Items", "Solution Items", "{CF04AB39-8531-4CF8-99C6-6259B2C13DDC}"
	ProjectSection(SolutionItems) = preProject
		GSResharper.DotSettings = GSResharper.DotSettings
		GSSolution.sln.DotSettings = GSSolution.sln.DotSettings
	EndProjectSection
EndProject
Global
	GlobalSection(SolutionConfigurationPlatforms) = preSolution
		AppVeyor|Any CPU = AppVeyor|Any CPU
		AppVeyor|x86 = AppVeyor|x86
		Debug|Any CPU = Debug|Any CPU
		Debug|x86 = Debug|x86
		Release|Any CPU = Release|Any CPU
		Release|x86 = Release|x86
	EndGlobalSection
	GlobalSection(ProjectConfigurationPlatforms) = postSolution
		{63E824C8-585D-45FC-88E4-7E119F0C7773}.AppVeyor|Any CPU.ActiveCfg = Release|Any CPU
		{63E824C8-585D-45FC-88E4-7E119F0C7773}.AppVeyor|Any CPU.Build.0 = Release|Any CPU
		{63E824C8-585D-45FC-88E4-7E119F0C7773}.AppVeyor|x86.ActiveCfg = Release|Any CPU
		{63E824C8-585D-45FC-88E4-7E119F0C7773}.AppVeyor|x86.Build.0 = Release|Any CPU
		{63E824C8-585D-45FC-88E4-7E119F0C7773}.Debug|Any CPU.ActiveCfg = Debug|Any CPU
		{63E824C8-585D-45FC-88E4-7E119F0C7773}.Debug|Any CPU.Build.0 = Debug|Any CPU
		{63E824C8-585D-45FC-88E4-7E119F0C7773}.Debug|x86.ActiveCfg = Debug|Any CPU
		{63E824C8-585D-45FC-88E4-7E119F0C7773}.Debug|x86.Build.0 = Debug|Any CPU
		{63E824C8-585D-45FC-88E4-7E119F0C7773}.Release|Any CPU.ActiveCfg = Release|Any CPU
		{63E824C8-585D-45FC-88E4-7E119F0C7773}.Release|Any CPU.Build.0 = Release|Any CPU
		{63E824C8-585D-45FC-88E4-7E119F0C7773}.Release|x86.ActiveCfg = Release|Any CPU
		{63E824C8-585D-45FC-88E4-7E119F0C7773}.Release|x86.Build.0 = Release|Any CPU
		{194A85E4-994C-432B-A25D-48DA75553349}.AppVeyor|Any CPU.ActiveCfg = Release|Any CPU
		{194A85E4-994C-432B-A25D-48DA75553349}.AppVeyor|Any CPU.Build.0 = Release|Any CPU
		{194A85E4-994C-432B-A25D-48DA75553349}.AppVeyor|x86.ActiveCfg = Debug|Any CPU
		{194A85E4-994C-432B-A25D-48DA75553349}.AppVeyor|x86.Build.0 = Debug|Any CPU
		{194A85E4-994C-432B-A25D-48DA75553349}.Debug|Any CPU.ActiveCfg = Debug|Any CPU
		{194A85E4-994C-432B-A25D-48DA75553349}.Debug|Any CPU.Build.0 = Debug|Any CPU
		{194A85E4-994C-432B-A25D-48DA75553349}.Debug|x86.ActiveCfg = Debug|Any CPU
		{194A85E4-994C-432B-A25D-48DA75553349}.Debug|x86.Build.0 = Debug|Any CPU
		{194A85E4-994C-432B-A25D-48DA75553349}.Release|Any CPU.ActiveCfg = Release|Any CPU
		{194A85E4-994C-432B-A25D-48DA75553349}.Release|Any CPU.Build.0 = Release|Any CPU
		{194A85E4-994C-432B-A25D-48DA75553349}.Release|x86.ActiveCfg = Release|Any CPU
		{194A85E4-994C-432B-A25D-48DA75553349}.Release|x86.Build.0 = Release|Any CPU
		{6806353A-9C8C-49AA-BEAA-27094AC5BDDA}.AppVeyor|Any CPU.ActiveCfg = Release|Any CPU
		{6806353A-9C8C-49AA-BEAA-27094AC5BDDA}.AppVeyor|Any CPU.Build.0 = Release|Any CPU
		{6806353A-9C8C-49AA-BEAA-27094AC5BDDA}.AppVeyor|x86.ActiveCfg = Release|Any CPU
		{6806353A-9C8C-49AA-BEAA-27094AC5BDDA}.AppVeyor|x86.Build.0 = Release|Any CPU
		{6806353A-9C8C-49AA-BEAA-27094AC5BDDA}.Debug|Any CPU.ActiveCfg = Debug|Any CPU
		{6806353A-9C8C-49AA-BEAA-27094AC5BDDA}.Debug|Any CPU.Build.0 = Debug|Any CPU
		{6806353A-9C8C-49AA-BEAA-27094AC5BDDA}.Debug|x86.ActiveCfg = Debug|Any CPU
		{6806353A-9C8C-49AA-BEAA-27094AC5BDDA}.Debug|x86.Build.0 = Debug|Any CPU
		{6806353A-9C8C-49AA-BEAA-27094AC5BDDA}.Release|Any CPU.ActiveCfg = Release|Any CPU
		{6806353A-9C8C-49AA-BEAA-27094AC5BDDA}.Release|Any CPU.Build.0 = Release|Any CPU
		{6806353A-9C8C-49AA-BEAA-27094AC5BDDA}.Release|x86.ActiveCfg = Release|Any CPU
		{6806353A-9C8C-49AA-BEAA-27094AC5BDDA}.Release|x86.Build.0 = Release|Any CPU
		{20CD9164-D5BF-4DA5-A248-EC6B81830610}.AppVeyor|Any CPU.ActiveCfg = Release|Any CPU
		{20CD9164-D5BF-4DA5-A248-EC6B81830610}.AppVeyor|Any CPU.Build.0 = Release|Any CPU
		{20CD9164-D5BF-4DA5-A248-EC6B81830610}.AppVeyor|x86.ActiveCfg = Debug|Any CPU
		{20CD9164-D5BF-4DA5-A248-EC6B81830610}.AppVeyor|x86.Build.0 = Debug|Any CPU
		{20CD9164-D5BF-4DA5-A248-EC6B81830610}.Debug|Any CPU.ActiveCfg = Debug|Any CPU
		{20CD9164-D5BF-4DA5-A248-EC6B81830610}.Debug|Any CPU.Build.0 = Debug|Any CPU
		{20CD9164-D5BF-4DA5-A248-EC6B81830610}.Debug|x86.ActiveCfg = Debug|Any CPU
		{20CD9164-D5BF-4DA5-A248-EC6B81830610}.Debug|x86.Build.0 = Debug|Any CPU
		{20CD9164-D5BF-4DA5-A248-EC6B81830610}.Release|Any CPU.ActiveCfg = Release|Any CPU
		{20CD9164-D5BF-4DA5-A248-EC6B81830610}.Release|Any CPU.Build.0 = Release|Any CPU
		{20CD9164-D5BF-4DA5-A248-EC6B81830610}.Release|x86.ActiveCfg = Release|Any CPU
		{20CD9164-D5BF-4DA5-A248-EC6B81830610}.Release|x86.Build.0 = Release|Any CPU
		{3FF43445-E8E2-43FB-AC67-1733748AFFDD}.AppVeyor|Any CPU.ActiveCfg = Release|Any CPU
		{3FF43445-E8E2-43FB-AC67-1733748AFFDD}.AppVeyor|Any CPU.Build.0 = Release|Any CPU
		{3FF43445-E8E2-43FB-AC67-1733748AFFDD}.AppVeyor|x86.ActiveCfg = Release|Any CPU
		{3FF43445-E8E2-43FB-AC67-1733748AFFDD}.AppVeyor|x86.Build.0 = Release|Any CPU
		{3FF43445-E8E2-43FB-AC67-1733748AFFDD}.Debug|Any CPU.ActiveCfg = Debug|Any CPU
		{3FF43445-E8E2-43FB-AC67-1733748AFFDD}.Debug|Any CPU.Build.0 = Debug|Any CPU
		{3FF43445-E8E2-43FB-AC67-1733748AFFDD}.Debug|x86.ActiveCfg = Debug|Any CPU
		{3FF43445-E8E2-43FB-AC67-1733748AFFDD}.Debug|x86.Build.0 = Debug|Any CPU
		{3FF43445-E8E2-43FB-AC67-1733748AFFDD}.Release|Any CPU.ActiveCfg = Release|Any CPU
		{3FF43445-E8E2-43FB-AC67-1733748AFFDD}.Release|Any CPU.Build.0 = Release|Any CPU
		{3FF43445-E8E2-43FB-AC67-1733748AFFDD}.Release|x86.ActiveCfg = Release|Any CPU
		{3FF43445-E8E2-43FB-AC67-1733748AFFDD}.Release|x86.Build.0 = Release|Any CPU
		{C2BC2641-3B32-4940-B124-61ADEC0DAC28}.AppVeyor|Any CPU.ActiveCfg = Release|Any CPU
		{C2BC2641-3B32-4940-B124-61ADEC0DAC28}.AppVeyor|Any CPU.Build.0 = Release|Any CPU
		{C2BC2641-3B32-4940-B124-61ADEC0DAC28}.AppVeyor|x86.ActiveCfg = Release|Any CPU
		{C2BC2641-3B32-4940-B124-61ADEC0DAC28}.AppVeyor|x86.Build.0 = Release|Any CPU
		{C2BC2641-3B32-4940-B124-61ADEC0DAC28}.Debug|Any CPU.ActiveCfg = Debug|Any CPU
		{C2BC2641-3B32-4940-B124-61ADEC0DAC28}.Debug|Any CPU.Build.0 = Debug|Any CPU
		{C2BC2641-3B32-4940-B124-61ADEC0DAC28}.Debug|x86.ActiveCfg = Debug|Any CPU
		{C2BC2641-3B32-4940-B124-61ADEC0DAC28}.Debug|x86.Build.0 = Debug|Any CPU
		{C2BC2641-3B32-4940-B124-61ADEC0DAC28}.Release|Any CPU.ActiveCfg = Release|Any CPU
		{C2BC2641-3B32-4940-B124-61ADEC0DAC28}.Release|Any CPU.Build.0 = Release|Any CPU
		{C2BC2641-3B32-4940-B124-61ADEC0DAC28}.Release|x86.ActiveCfg = Release|Any CPU
		{C2BC2641-3B32-4940-B124-61ADEC0DAC28}.Release|x86.Build.0 = Release|Any CPU
		{E463EC96-56DA-447B-8719-F68C33771185}.AppVeyor|Any CPU.ActiveCfg = Release|Any CPU
		{E463EC96-56DA-447B-8719-F68C33771185}.AppVeyor|Any CPU.Build.0 = Release|Any CPU
		{E463EC96-56DA-447B-8719-F68C33771185}.AppVeyor|x86.ActiveCfg = Release|Any CPU
		{E463EC96-56DA-447B-8719-F68C33771185}.AppVeyor|x86.Build.0 = Release|Any CPU
		{E463EC96-56DA-447B-8719-F68C33771185}.Debug|Any CPU.ActiveCfg = Debug|Any CPU
		{E463EC96-56DA-447B-8719-F68C33771185}.Debug|Any CPU.Build.0 = Debug|Any CPU
		{E463EC96-56DA-447B-8719-F68C33771185}.Debug|x86.ActiveCfg = Debug|Any CPU
		{E463EC96-56DA-447B-8719-F68C33771185}.Debug|x86.Build.0 = Debug|Any CPU
		{E463EC96-56DA-447B-8719-F68C33771185}.Release|Any CPU.ActiveCfg = Release|Any CPU
		{E463EC96-56DA-447B-8719-F68C33771185}.Release|Any CPU.Build.0 = Release|Any CPU
		{E463EC96-56DA-447B-8719-F68C33771185}.Release|x86.ActiveCfg = Release|Any CPU
		{E463EC96-56DA-447B-8719-F68C33771185}.Release|x86.Build.0 = Release|Any CPU
		{6813ECB1-B6B3-49F4-9070-9E4DFEF34FAE}.AppVeyor|Any CPU.ActiveCfg = Release|Any CPU
		{6813ECB1-B6B3-49F4-9070-9E4DFEF34FAE}.AppVeyor|Any CPU.Build.0 = Release|Any CPU
		{6813ECB1-B6B3-49F4-9070-9E4DFEF34FAE}.AppVeyor|x86.ActiveCfg = Release|Any CPU
		{6813ECB1-B6B3-49F4-9070-9E4DFEF34FAE}.AppVeyor|x86.Build.0 = Release|Any CPU
		{6813ECB1-B6B3-49F4-9070-9E4DFEF34FAE}.Debug|Any CPU.ActiveCfg = Debug|Any CPU
		{6813ECB1-B6B3-49F4-9070-9E4DFEF34FAE}.Debug|Any CPU.Build.0 = Debug|Any CPU
		{6813ECB1-B6B3-49F4-9070-9E4DFEF34FAE}.Debug|x86.ActiveCfg = Debug|Any CPU
		{6813ECB1-B6B3-49F4-9070-9E4DFEF34FAE}.Debug|x86.Build.0 = Debug|Any CPU
		{6813ECB1-B6B3-49F4-9070-9E4DFEF34FAE}.Release|Any CPU.ActiveCfg = Release|Any CPU
		{6813ECB1-B6B3-49F4-9070-9E4DFEF34FAE}.Release|Any CPU.Build.0 = Release|Any CPU
		{6813ECB1-B6B3-49F4-9070-9E4DFEF34FAE}.Release|x86.ActiveCfg = Release|Any CPU
		{6813ECB1-B6B3-49F4-9070-9E4DFEF34FAE}.Release|x86.Build.0 = Release|Any CPU
		{EAF5DB3A-99A5-451C-B626-7B3BF7423F7D}.AppVeyor|Any CPU.ActiveCfg = Release|Any CPU
		{EAF5DB3A-99A5-451C-B626-7B3BF7423F7D}.AppVeyor|Any CPU.Build.0 = Release|Any CPU
		{EAF5DB3A-99A5-451C-B626-7B3BF7423F7D}.AppVeyor|x86.ActiveCfg = Release|Any CPU
		{EAF5DB3A-99A5-451C-B626-7B3BF7423F7D}.AppVeyor|x86.Build.0 = Release|Any CPU
		{EAF5DB3A-99A5-451C-B626-7B3BF7423F7D}.Debug|Any CPU.ActiveCfg = Debug|Any CPU
		{EAF5DB3A-99A5-451C-B626-7B3BF7423F7D}.Debug|Any CPU.Build.0 = Debug|Any CPU
		{EAF5DB3A-99A5-451C-B626-7B3BF7423F7D}.Debug|x86.ActiveCfg = Debug|Any CPU
		{EAF5DB3A-99A5-451C-B626-7B3BF7423F7D}.Debug|x86.Build.0 = Debug|Any CPU
		{EAF5DB3A-99A5-451C-B626-7B3BF7423F7D}.Release|Any CPU.ActiveCfg = Release|Any CPU
		{EAF5DB3A-99A5-451C-B626-7B3BF7423F7D}.Release|Any CPU.Build.0 = Release|Any CPU
		{EAF5DB3A-99A5-451C-B626-7B3BF7423F7D}.Release|x86.ActiveCfg = Release|Any CPU
		{EAF5DB3A-99A5-451C-B626-7B3BF7423F7D}.Release|x86.Build.0 = Release|Any CPU
		{A0CF4007-724A-45EB-9609-C5FA97A3043E}.AppVeyor|Any CPU.ActiveCfg = Release|Any CPU
		{A0CF4007-724A-45EB-9609-C5FA97A3043E}.AppVeyor|Any CPU.Build.0 = Release|Any CPU
		{A0CF4007-724A-45EB-9609-C5FA97A3043E}.AppVeyor|x86.ActiveCfg = Release|Any CPU
		{A0CF4007-724A-45EB-9609-C5FA97A3043E}.AppVeyor|x86.Build.0 = Release|Any CPU
		{A0CF4007-724A-45EB-9609-C5FA97A3043E}.Debug|Any CPU.ActiveCfg = Debug|Any CPU
		{A0CF4007-724A-45EB-9609-C5FA97A3043E}.Debug|Any CPU.Build.0 = Debug|Any CPU
		{A0CF4007-724A-45EB-9609-C5FA97A3043E}.Debug|x86.ActiveCfg = Debug|Any CPU
		{A0CF4007-724A-45EB-9609-C5FA97A3043E}.Debug|x86.Build.0 = Debug|Any CPU
		{A0CF4007-724A-45EB-9609-C5FA97A3043E}.Release|Any CPU.ActiveCfg = Release|Any CPU
		{A0CF4007-724A-45EB-9609-C5FA97A3043E}.Release|Any CPU.Build.0 = Release|Any CPU
		{A0CF4007-724A-45EB-9609-C5FA97A3043E}.Release|x86.ActiveCfg = Release|Any CPU
		{A0CF4007-724A-45EB-9609-C5FA97A3043E}.Release|x86.Build.0 = Release|Any CPU
	EndGlobalSection
	GlobalSection(SolutionProperties) = preSolution
		HideSolutionNode = FALSE
	EndGlobalSection
	GlobalSection(ExtensibilityGlobals) = postSolution
		SolutionGuid = {4F7A6818-AF3E-4984-BA2D-5B5581C3C1B0}
	EndGlobalSection
EndGlobal
